
Microsoft Visual Studio Solution File, Format Version 12.00
# Visual Studio Version 17
VisualStudioVersion = 17.9.34723.18
MinimumVisualStudioVersion = 10.0.40219.1
Project("{FAE04EC0-301F-11D3-BF4B-00C04F79EFBC}") = "Publisher.OpenShift", "Publisher.OpenShift\Publisher.OpenShift.csproj", "{1E78D5FD-39B4-4809-A8A6-EA239D83EADE}"
EndProject
Project("{FAE04EC0-301F-11D3-BF4B-00C04F79EFBC}") = "Publisher.OpenShift.Common", "Publisher.OpenShift.Common\Publisher.OpenShift.Common.csproj", "{F66A562E-F77B-4DB6-AEE1-B67A234820D1}"
EndProject
Project("{FAE04EC0-301F-11D3-BF4B-00C04F79EFBC}") = "Publisher.OpenShift.Domain", "Publisher.OpenShift.Domain\Publisher.OpenShift.Domain.csproj", "{C60AD107-E0FD-4E5D-862B-6A342C6804C6}"
EndProject
Global
	GlobalSection(SolutionConfigurationPlatforms) = preSolution
		Debug|Any CPU = Debug|Any CPU
		Release|Any CPU = Release|Any CPU
	EndGlobalSection
	GlobalSection(ProjectConfigurationPlatforms) = postSolution
		{1E78D5FD-39B4-4809-A8A6-EA239D83EADE}.Debug|Any CPU.ActiveCfg = Debug|Any CPU
		{1E78D5FD-39B4-4809-A8A6-EA239D83EADE}.Debug|Any CPU.Build.0 = Debug|Any CPU
		{1E78D5FD-39B4-4809-A8A6-EA239D83EADE}.Release|Any CPU.ActiveCfg = Release|Any CPU
		{1E78D5FD-39B4-4809-A8A6-EA239D83EADE}.Release|Any CPU.Build.0 = Release|Any CPU
		{F66A562E-F77B-4DB6-AEE1-B67A234820D1}.Debug|Any CPU.ActiveCfg = Debug|Any CPU
		{F66A562E-F77B-4DB6-AEE1-B67A234820D1}.Debug|Any CPU.Build.0 = Debug|Any CPU
		{F66A562E-F77B-4DB6-AEE1-B67A234820D1}.Release|Any CPU.ActiveCfg = Release|Any CPU
		{F66A562E-F77B-4DB6-AEE1-B67A234820D1}.Release|Any CPU.Build.0 = Release|Any CPU
		{C60AD107-E0FD-4E5D-862B-6A342C6804C6}.Debug|Any CPU.ActiveCfg = Debug|Any CPU
		{C60AD107-E0FD-4E5D-862B-6A342C6804C6}.Debug|Any CPU.Build.0 = Debug|Any CPU
		{C60AD107-E0FD-4E5D-862B-6A342C6804C6}.Release|Any CPU.ActiveCfg = Release|Any CPU
		{C60AD107-E0FD-4E5D-862B-6A342C6804C6}.Release|Any CPU.Build.0 = Release|Any CPU
	EndGlobalSection
	GlobalSection(SolutionProperties) = preSolution
		HideSolutionNode = FALSE
	EndGlobalSection
	GlobalSection(ExtensibilityGlobals) = postSolution
		SolutionGuid = {8BB45037-2289-4A36-B88A-6740BC2682C0}
	EndGlobalSection
EndGlobal
